
Microsoft Visual Studio Solution File, Format Version 12.00
# Visual Studio Version 17
VisualStudioVersion = 17.0.32014.148
MinimumVisualStudioVersion = 10.0.40219.1
Project("{FAE04EC0-301F-11D3-BF4B-00C04F79EFBC}") = "FoodOrder", "FoodOrder\FoodOrder.csproj", "{A81C5EB1-1EFE-4F8D-9926-97D526D912C7}"
EndProject
Global
	GlobalSection(SolutionConfigurationPlatforms) = preSolution
		Debug|Any CPU = Debug|Any CPU
		Release|Any CPU = Release|Any CPU
	EndGlobalSection
	GlobalSection(ProjectConfigurationPlatforms) = postSolution
		{A81C5EB1-1EFE-4F8D-9926-97D526D912C7}.Debug|Any CPU.ActiveCfg = Debug|Any CPU
		{A81C5EB1-1EFE-4F8D-9926-97D526D912C7}.Debug|Any CPU.Build.0 = Debug|Any CPU
		{A81C5EB1-1EFE-4F8D-9926-97D526D912C7}.Release|Any CPU.ActiveCfg = Release|Any CPU
		{A81C5EB1-1EFE-4F8D-9926-97D526D912C7}.Release|Any CPU.Build.0 = Release|Any CPU
	EndGlobalSection
	GlobalSection(SolutionProperties) = preSolution
		HideSolutionNode = FALSE
	EndGlobalSection
	GlobalSection(ExtensibilityGlobals) = postSolution
		SolutionGuid = {E9190362-0095-4BE4-BE95-F2C82EE3FCC2}
	EndGlobalSection
EndGlobal
